PODS:
  - SVProgressHUD (2.2.6):
    - SVProgressHUD/Core (= 2.2.6)
  - SVProgressHUD/Core (2.2.6)

DEPENDENCIES:
  - SVProgressHUD (from `https://github.com/SVProgressHUD/SVProgressHUD.git`)

EXTERNAL SOURCES:
  SVProgressHUD:
    :git: https://github.com/SVProgressHUD/SVProgressHUD.git

CHECKOUT OPTIONS:
  SVProgressHUD:
    :commit: 1bb9afb90a79b022708b6cd7be7f1fb6bdc46a3a
    :git: https://github.com/SVProgressHUD/SVProgressHUD.git

SPEC CHECKSUMS:
  SVProgressHUD: de812b4f0e1d65358f0064416473174ae619843f

PODFILE CHECKSUM: 265b929c431f6efb48cdf5761a5846475fe962d3

COCOAPODS: 1.9.3
